
Microsoft Visual Studio Solution File, Format Version 12.00
# Visual Studio 15
VisualStudioVersion = 15.0.28307.852
MinimumVisualStudioVersion = 10.0.40219.1
Project("{FAE04EC0-301F-11D3-BF4B-00C04F79EFBC}") = "ViewModelExample", "ViewModelExample\ViewModelExample.csproj", "{2E715FD0-4A5C-4ED7-82F4-354027D0AD60}"
EndProject
Global
	GlobalSection(SolutionConfigurationPlatforms) = preSolution
		Debug|Any CPU = Debug|Any CPU
		Release|Any CPU = Release|Any CPU
	EndGlobalSection
	GlobalSection(ProjectConfigurationPlatforms) = postSolution
		{2E715FD0-4A5C-4ED7-82F4-354027D0AD60}.Debug|Any CPU.ActiveCfg = Debug|Any CPU
		{2E715FD0-4A5C-4ED7-82F4-354027D0AD60}.Debug|Any CPU.Build.0 = Debug|Any CPU
		{2E715FD0-4A5C-4ED7-82F4-354027D0AD60}.Release|Any CPU.ActiveCfg = Release|Any CPU
		{2E715FD0-4A5C-4ED7-82F4-354027D0AD60}.Release|Any CPU.Build.0 = Release|Any CPU
	EndGlobalSection
	GlobalSection(SolutionProperties) = preSolution
		HideSolutionNode = FALSE
	EndGlobalSection
	GlobalSection(ExtensibilityGlobals) = postSolution
		SolutionGuid = {7E65D8D6-CDB6-4458-ADDC-6D2BEDE569CE}
	EndGlobalSection
EndGlobal
